
Microsoft Visual Studio Solution File, Format Version 12.00
# Visual Studio Version 17
VisualStudioVersion = 17.3.32819.101
MinimumVisualStudioVersion = 10.0.40219.1
Project("{FAE04EC0-301F-11D3-BF4B-00C04F79EFBC}") = "Program Unit 3 CSharp", "Program Unit 3 CSharp\Program Unit 3 CSharp.csproj", "{D6F5EEDB-FC67-4738-BA70-4C56AB1F7DBE}"
EndProject
Global
	GlobalSection(SolutionConfigurationPlatforms) = preSolution
		Debug|Any CPU = Debug|Any CPU
		Release|Any CPU = Release|Any CPU
	EndGlobalSection
	GlobalSection(ProjectConfigurationPlatforms) = postSolution
		{D6F5EEDB-FC67-4738-BA70-4C56AB1F7DBE}.Debug|Any CPU.ActiveCfg = Debug|Any CPU
		{D6F5EEDB-FC67-4738-BA70-4C56AB1F7DBE}.Debug|Any CPU.Build.0 = Debug|Any CPU
		{D6F5EEDB-FC67-4738-BA70-4C56AB1F7DBE}.Release|Any CPU.ActiveCfg = Release|Any CPU
		{D6F5EEDB-FC67-4738-BA70-4C56AB1F7DBE}.Release|Any CPU.Build.0 = Release|Any CPU
	EndGlobalSection
	GlobalSection(SolutionProperties) = preSolution
		HideSolutionNode = FALSE
	EndGlobalSection
	GlobalSection(ExtensibilityGlobals) = postSolution
		SolutionGuid = {E729E5EE-005D-4226-82DF-F76C85E62EC9}
	EndGlobalSection
EndGlobal
